<?xml version="1.0" encoding="utf-8"?>
<Project ToolsVersion="4.0" xmlns="http://schemas.microsoft.com/developer/msbuild/2003">
  <ItemGroup>
    <Filter Include="Source Files">
      <UniqueIdentifier>{2d65c103-2d0d-478a-be8c-441572ce01ef}</UniqueIdentifier>
      <Extensions>txt</Extensions>
    </Filter>
    <Filter Include="Header Files">
      <UniqueIdentifier>{fbf74920-ecaf-4a2a-9823-b48aed8b9615}</UniqueIdentifier>
    </Filter>
    <Filter Include="Source Files\Integrator">
      <UniqueIdentifier>{1f7ed697-1e5f-4d4a-a110-d0ad6093c8aa}</UniqueIdentifier>
    </Filter>
    <Filter Include="Header Files\Integrator">
      <UniqueIdentifier>{42605a44-4c8e-446c-bf31-091e65501b58}</UniqueIdentifier>
    </Filter>
    <Filter Include="Header Files\Geometry">
      <UniqueIdentifier>{db401e71-3b61-4c2a-985d-bb9786c87217}</UniqueIdentifier>
    </Filter>
    <Filter Include="Header Files\Util">
      <UniqueIdentifier>{0cba877f-cf81-42b5-ab10-a346eb12e603}</UniqueIdentifier>
    </Filter>
    <Filter Include="Header Files\GL">
      <UniqueIdentifier>{d6faccc8-7325-4ef5-afbb-52d8c652fa67}</UniqueIdentifier>
    </Filter>
    <Filter Include="Source Files\GL">
      <UniqueIdentifier>{14ea8d6d-af0e-4825-8611-f267105ca0eb}</UniqueIdentifier>
    </Filter>
    <Filter Include="Source Files\Util">
      <UniqueIdentifier>{3ae2a7ad-e22c-44a8-b6cc-7c3ee141c264}</UniqueIdentifier>
    </Filter>
    <Filter Include="Header Files\Collision">
      <UniqueIdentifier>{e88d90a1-6756-41fb-8b0b-b1e4c566e05e}</UniqueIdentifier>
    </Filter>
    <Filter Include="Source Files\Collision">
      <UniqueIdentifier>{bec4c777-fa9a-4bfa-8480-a54d72e97517}</UniqueIdentifier>
    </Filter>
    <Filter Include="Header Files\Particle">
      <UniqueIdentifier>{8dde2f23-54c5-46d7-9e15-75211e733343}</UniqueIdentifier>
    </Filter>
    <Filter Include="Source Files\Particle">
      <UniqueIdentifier>{2c1ecaa3-3a53-4738-b9d0-42209043ed46}</UniqueIdentifier>
    </Filter>
  </ItemGroup>
  <ItemGroup>
    <ClCompile Include="main.cpp">
      <Filter>Source Files</Filter>
    </ClCompile>
    <ClCompile Include="euler.cpp">
      <Filter>Source Files\Integrator</Filter>
    </ClCompile>
    <ClCompile Include="gl_camera.cpp">
      <Filter>Source Files\GL</Filter>
    </ClCompile>
    <ClCompile Include="timer.cpp">
      <Filter>Source Files\Util</Filter>
    </ClCompile>
    <ClCompile Include="collision_detector.cpp">
      <Filter>Source Files\Collision</Filter>
    </ClCompile>
    <ClCompile Include="ball.cpp">
      <Filter>Source Files\Particle</Filter>
    </ClCompile>
    <ClCompile Include="cloth.cpp">
      <Filter>Source Files\Particle</Filter>
    </ClCompile>
    <ClCompile Include="particle.cpp">
      <Filter>Source Files\Particle</Filter>
    </ClCompile>
    <ClCompile Include="collision_resolver.cpp">
      <Filter>Source Files\Collision</Filter>
    </ClCompile>
    <ClCompile Include="collision_info.cpp">
      <Filter>Source Files\Collision</Filter>
    </ClCompile>
    <ClCompile Include="collidable.cpp">
      <Filter>Source Files\Collision</Filter>
    </ClCompile>
  </ItemGroup>
  <ItemGroup>
    <ClInclude Include="integrator.h">
      <Filter>Header Files\Integrator</Filter>
    </ClInclude>
    <ClInclude Include="matrix4.h">
      <Filter>Header Files\Geometry</Filter>
    </ClInclude>
    <ClInclude Include="triangle.h">
      <Filter>Header Files\Geometry</Filter>
    </ClInclude>
    <ClInclude Include="vector.h">
      <Filter>Header Files\Geometry</Filter>
    </ClInclude>
    <ClInclude Include="util.h">
      <Filter>Header Files\Util</Filter>
    </ClInclude>
    <ClInclude Include="win32_util.h">
      <Filter>Header Files\Util</Filter>
    </ClInclude>
    <ClInclude Include="gl_camera.h">
      <Filter>Header Files\GL</Filter>
    </ClInclude>
    <ClInclude Include="timer.h">
      <Filter>Header Files\Util</Filter>
    </ClInclude>
    <ClInclude Include="vector4.h">
      <Filter>Header Files\Geometry</Filter>
    </ClInclude>
    <ClInclude Include="vector3.h">
      <Filter>Header Files\Geometry</Filter>
    </ClInclude>
    <ClInclude Include="collision_detector.h">
      <Filter>Header Files\Collision</Filter>
    </ClInclude>
    <ClInclude Include="collision_info.h">
      <Filter>Header Files\Collision</Filter>
    </ClInclude>
    <ClInclude Include="ball.h">
      <Filter>Header Files\Particle</Filter>
    </ClInclude>
    <ClInclude Include="cloth.h">
      <Filter>Header Files\Particle</Filter>
    </ClInclude>
    <ClInclude Include="particle.h">
      <Filter>Header Files\Particle</Filter>
    </ClInclude>
    <ClInclude Include="constraint.h">
      <Filter>Header Files\Particle</Filter>
    </ClInclude>
    <ClInclude Include="collision_resolver.h">
      <Filter>Header Files\Collision</Filter>
    </ClInclude>
    <ClInclude Include="collidable.h">
      <Filter>Header Files\Collision</Filter>
    </ClInclude>
    <ClInclude Include="air_jet.h">
      <Filter>Header Files</Filter>
    </ClInclude>
  </ItemGroup>
</Project>